
Microsoft Visual Studio Solution File, Format Version 12.00
Project("{FAE04EC0-301F-11D3-BF4B-00C04F79EFBC}") = "Api", "Api\Api.csproj", "{CABAF486-7036-4C47-8ACD-A215EA4D0627}"
EndProject
Project("{2150E333-8FDC-42A3-9474-1A3956D46DE8}") = "Modules", "Modules", "{27AFBA7A-CC81-464F-BBBF-DFF6374E0864}"
EndProject
Project("{FAE04EC0-301F-11D3-BF4B-00C04F79EFBC}") = "Shared", "Modules\Shared\Shared.csproj", "{359B957F-B26E-4B83-9B76-7C28F1D40F21}"
EndProject
Project("{FAE04EC0-301F-11D3-BF4B-00C04F79EFBC}") = "Module.Todos", "Modules\Module.Todos\Module.Todos.csproj", "{7F86DCEC-249B-481E-9C87-62D80AEB3903}"
EndProject
Project("{FAE04EC0-301F-11D3-BF4B-00C04F79EFBC}") = "Module.User", "Modules\Module.User\Module.User.csproj", "{C0D6FED0-009F-4ABA-A073-DB38E72DAFDC}"
EndProject
Global
	GlobalSection(SolutionConfigurationPlatforms) = preSolution
		Debug|Any CPU = Debug|Any CPU
		Release|Any CPU = Release|Any CPU
	EndGlobalSection
	GlobalSection(ProjectConfigurationPlatforms) = postSolution
		{CABAF486-7036-4C47-8ACD-A215EA4D0627}.Debug|Any CPU.ActiveCfg = Debug|Any CPU
		{CABAF486-7036-4C47-8ACD-A215EA4D0627}.Debug|Any CPU.Build.0 = Debug|Any CPU
		{CABAF486-7036-4C47-8ACD-A215EA4D0627}.Release|Any CPU.ActiveCfg = Release|Any CPU
		{CABAF486-7036-4C47-8ACD-A215EA4D0627}.Release|Any CPU.Build.0 = Release|Any CPU
		{359B957F-B26E-4B83-9B76-7C28F1D40F21}.Debug|Any CPU.ActiveCfg = Debug|Any CPU
		{359B957F-B26E-4B83-9B76-7C28F1D40F21}.Debug|Any CPU.Build.0 = Debug|Any CPU
		{359B957F-B26E-4B83-9B76-7C28F1D40F21}.Release|Any CPU.ActiveCfg = Release|Any CPU
		{359B957F-B26E-4B83-9B76-7C28F1D40F21}.Release|Any CPU.Build.0 = Release|Any CPU
		{7F86DCEC-249B-481E-9C87-62D80AEB3903}.Debug|Any CPU.ActiveCfg = Debug|Any CPU
		{7F86DCEC-249B-481E-9C87-62D80AEB3903}.Debug|Any CPU.Build.0 = Debug|Any CPU
		{7F86DCEC-249B-481E-9C87-62D80AEB3903}.Release|Any CPU.ActiveCfg = Release|Any CPU
		{7F86DCEC-249B-481E-9C87-62D80AEB3903}.Release|Any CPU.Build.0 = Release|Any CPU
		{C0D6FED0-009F-4ABA-A073-DB38E72DAFDC}.Debug|Any CPU.ActiveCfg = Debug|Any CPU
		{C0D6FED0-009F-4ABA-A073-DB38E72DAFDC}.Debug|Any CPU.Build.0 = Debug|Any CPU
		{C0D6FED0-009F-4ABA-A073-DB38E72DAFDC}.Release|Any CPU.ActiveCfg = Release|Any CPU
		{C0D6FED0-009F-4ABA-A073-DB38E72DAFDC}.Release|Any CPU.Build.0 = Release|Any CPU
	EndGlobalSection
	GlobalSection(NestedProjects) = preSolution
		{359B957F-B26E-4B83-9B76-7C28F1D40F21} = {27AFBA7A-CC81-464F-BBBF-DFF6374E0864}
		{7F86DCEC-249B-481E-9C87-62D80AEB3903} = {27AFBA7A-CC81-464F-BBBF-DFF6374E0864}
		{C0D6FED0-009F-4ABA-A073-DB38E72DAFDC} = {27AFBA7A-CC81-464F-BBBF-DFF6374E0864}
	EndGlobalSection
EndGlobal
